
Microsoft Visual Studio Solution File, Format Version 12.00
# Visual Studio 15
VisualStudioVersion = 15.0.26124.0
MinimumVisualStudioVersion = 15.0.26124.0
Project("{2150E333-8FDC-42A3-9474-1A3956D46DE8}") = "src", "src", "{E28025A7-EF6A-45BF-8FA0-75E394D3D42B}"
EndProject
Project("{F2A71F9B-5D33-465A-A702-920D77279786}") = "FsToolkit.ErrorHandling", "src\FsToolkit.ErrorHandling\FsToolkit.ErrorHandling.fsproj", "{E0466000-F8E4-416B-B605-C65F7602367A}"
EndProject
Project("{2150E333-8FDC-42A3-9474-1A3956D46DE8}") = "tests", "tests", "{D8B86171-2147-49EF-8ADA-1CF8B0A20D40}"
EndProject
Project("{F2A71F9B-5D33-465A-A702-920D77279786}") = "FsToolkit.ErrorHandling.Tests", "tests\FsToolkit.ErrorHandling.Tests\FsToolkit.ErrorHandling.Tests.fsproj", "{F646F4E8-EA06-4EA8-9CD3-79778B264320}"
EndProject
Project("{F2A71F9B-5D33-465A-A702-920D77279786}") = "FsToolkit.ErrorHandling.TaskResult", "src\FsToolkit.ErrorHandling.TaskResult\FsToolkit.ErrorHandling.TaskResult.fsproj", "{EA9FB942-F6A4-4539-9377-A2DBE73861FC}"
EndProject
Project("{F2A71F9B-5D33-465A-A702-920D77279786}") = "FsToolkit.ErrorHandling.TaskResult.Tests", "tests\FsToolkit.ErrorHandling.TaskResult.Tests\FsToolkit.ErrorHandling.TaskResult.Tests.fsproj", "{868CA980-5903-480E-8360-C51F5EC83275}"
EndProject
Project("{F2A71F9B-5D33-465A-A702-920D77279786}") = "FsToolkit.ErrorHandling.JobResult", "src\FsToolkit.ErrorHandling.JobResult\FsToolkit.ErrorHandling.JobResult.fsproj", "{5B1EA296-538E-40E5-BF1D-6CB0F20BB52E}"
EndProject
Project("{F2A71F9B-5D33-465A-A702-920D77279786}") = "FsToolkit.ErrorHandling.JobResult.Tests", "tests\FsToolkit.ErrorHandling.JobResult.Tests\FsToolkit.ErrorHandling.JobResult.Tests.fsproj", "{7DABAB8F-4A02-4992-A3A2-6C550F98C13B}"
EndProject
Project("{2150E333-8FDC-42A3-9474-1A3956D46DE8}") = "tools", "tools", "{9F888E39-5D40-4E29-9529-67C466722431}"
EndProject
Project("{F2A71F9B-5D33-465A-A702-920D77279786}") = "FunctionMap", "tools\FunctionMap\FunctionMap.fsproj", "{600EA6E9-C9F2-4F02-99EF-1F992711DB1C}"
EndProject
Project("{F2A71F9B-5D33-465A-A702-920D77279786}") = "FsToolkit.ErrorHandling.AsyncSeq", "src\FsToolkit.ErrorHandling.AsyncSeq\FsToolkit.ErrorHandling.AsyncSeq.fsproj", "{02DF2AE6-A7D4-4C38-AA4D-651BDD1D3571}"
EndProject
Project("{F2A71F9B-5D33-465A-A702-920D77279786}") = "FsToolkit.ErrorHandling.AsyncSeq.Tests", "tests\FsToolkit.ErrorHandling.AsyncSeq.Tests\FsToolkit.ErrorHandling.AsyncSeq.Tests.fsproj", "{5DED3CA8-B331-4B48-A6A2-2EE1410437CA}"
EndProject
Global
	GlobalSection(SolutionConfigurationPlatforms) = preSolution
		Debug|Any CPU = Debug|Any CPU
		Debug|x64 = Debug|x64
		Debug|x86 = Debug|x86
		Release|Any CPU = Release|Any CPU
		Release|x64 = Release|x64
		Release|x86 = Release|x86
	EndGlobalSection
	GlobalSection(SolutionProperties) = preSolution
		HideSolutionNode = FALSE
	EndGlobalSection
	GlobalSection(ProjectConfigurationPlatforms) = postSolution
		{E0466000-F8E4-416B-B605-C65F7602367A}.Debug|Any CPU.ActiveCfg = Debug|Any CPU
		{E0466000-F8E4-416B-B605-C65F7602367A}.Debug|Any CPU.Build.0 = Debug|Any CPU
		{E0466000-F8E4-416B-B605-C65F7602367A}.Debug|x64.ActiveCfg = Debug|Any CPU
		{E0466000-F8E4-416B-B605-C65F7602367A}.Debug|x64.Build.0 = Debug|Any CPU
		{E0466000-F8E4-416B-B605-C65F7602367A}.Debug|x86.ActiveCfg = Debug|Any CPU
		{E0466000-F8E4-416B-B605-C65F7602367A}.Debug|x86.Build.0 = Debug|Any CPU
		{E0466000-F8E4-416B-B605-C65F7602367A}.Release|Any CPU.ActiveCfg = Release|Any CPU
		{E0466000-F8E4-416B-B605-C65F7602367A}.Release|Any CPU.Build.0 = Release|Any CPU
		{E0466000-F8E4-416B-B605-C65F7602367A}.Release|x64.ActiveCfg = Release|Any CPU
		{E0466000-F8E4-416B-B605-C65F7602367A}.Release|x64.Build.0 = Release|Any CPU
		{E0466000-F8E4-416B-B605-C65F7602367A}.Release|x86.ActiveCfg = Release|Any CPU
		{E0466000-F8E4-416B-B605-C65F7602367A}.Release|x86.Build.0 = Release|Any CPU
		{F646F4E8-EA06-4EA8-9CD3-79778B264320}.Debug|Any CPU.ActiveCfg = Debug|Any CPU
		{F646F4E8-EA06-4EA8-9CD3-79778B264320}.Debug|Any CPU.Build.0 = Debug|Any CPU
		{F646F4E8-EA06-4EA8-9CD3-79778B264320}.Debug|x64.ActiveCfg = Debug|Any CPU
		{F646F4E8-EA06-4EA8-9CD3-79778B264320}.Debug|x64.Build.0 = Debug|Any CPU
		{F646F4E8-EA06-4EA8-9CD3-79778B264320}.Debug|x86.ActiveCfg = Debug|Any CPU
		{F646F4E8-EA06-4EA8-9CD3-79778B264320}.Debug|x86.Build.0 = Debug|Any CPU
		{F646F4E8-EA06-4EA8-9CD3-79778B264320}.Release|Any CPU.ActiveCfg = Release|Any CPU
		{F646F4E8-EA06-4EA8-9CD3-79778B264320}.Release|Any CPU.Build.0 = Release|Any CPU
		{F646F4E8-EA06-4EA8-9CD3-79778B264320}.Release|x64.ActiveCfg = Release|Any CPU
		{F646F4E8-EA06-4EA8-9CD3-79778B264320}.Release|x64.Build.0 = Release|Any CPU
		{F646F4E8-EA06-4EA8-9CD3-79778B264320}.Release|x86.ActiveCfg = Release|Any CPU
		{F646F4E8-EA06-4EA8-9CD3-79778B264320}.Release|x86.Build.0 = Release|Any CPU
		{EA9FB942-F6A4-4539-9377-A2DBE73861FC}.Debug|Any CPU.ActiveCfg = Debug|Any CPU
		{EA9FB942-F6A4-4539-9377-A2DBE73861FC}.Debug|Any CPU.Build.0 = Debug|Any CPU
		{EA9FB942-F6A4-4539-9377-A2DBE73861FC}.Debug|x64.ActiveCfg = Debug|Any CPU
		{EA9FB942-F6A4-4539-9377-A2DBE73861FC}.Debug|x64.Build.0 = Debug|Any CPU
		{EA9FB942-F6A4-4539-9377-A2DBE73861FC}.Debug|x86.ActiveCfg = Debug|Any CPU
		{EA9FB942-F6A4-4539-9377-A2DBE73861FC}.Debug|x86.Build.0 = Debug|Any CPU
		{EA9FB942-F6A4-4539-9377-A2DBE73861FC}.Release|Any CPU.ActiveCfg = Release|Any CPU
		{EA9FB942-F6A4-4539-9377-A2DBE73861FC}.Release|Any CPU.Build.0 = Release|Any CPU
		{EA9FB942-F6A4-4539-9377-A2DBE73861FC}.Release|x64.ActiveCfg = Release|Any CPU
		{EA9FB942-F6A4-4539-9377-A2DBE73861FC}.Release|x64.Build.0 = Release|Any CPU
		{EA9FB942-F6A4-4539-9377-A2DBE73861FC}.Release|x86.ActiveCfg = Release|Any CPU
		{EA9FB942-F6A4-4539-9377-A2DBE73861FC}.Release|x86.Build.0 = Release|Any CPU
		{868CA980-5903-480E-8360-C51F5EC83275}.Debug|Any CPU.ActiveCfg = Debug|Any CPU
		{868CA980-5903-480E-8360-C51F5EC83275}.Debug|Any CPU.Build.0 = Debug|Any CPU
		{868CA980-5903-480E-8360-C51F5EC83275}.Debug|x64.ActiveCfg = Debug|Any CPU
		{868CA980-5903-480E-8360-C51F5EC83275}.Debug|x64.Build.0 = Debug|Any CPU
		{868CA980-5903-480E-8360-C51F5EC83275}.Debug|x86.ActiveCfg = Debug|Any CPU
		{868CA980-5903-480E-8360-C51F5EC83275}.Debug|x86.Build.0 = Debug|Any CPU
		{868CA980-5903-480E-8360-C51F5EC83275}.Release|Any CPU.ActiveCfg = Release|Any CPU
		{868CA980-5903-480E-8360-C51F5EC83275}.Release|Any CPU.Build.0 = Release|Any CPU
		{868CA980-5903-480E-8360-C51F5EC83275}.Release|x64.ActiveCfg = Release|Any CPU
		{868CA980-5903-480E-8360-C51F5EC83275}.Release|x64.Build.0 = Release|Any CPU
		{868CA980-5903-480E-8360-C51F5EC83275}.Release|x86.ActiveCfg = Release|Any CPU
		{868CA980-5903-480E-8360-C51F5EC83275}.Release|x86.Build.0 = Release|Any CPU
		{5B1EA296-538E-40E5-BF1D-6CB0F20BB52E}.Debug|Any CPU.ActiveCfg = Debug|Any CPU
		{5B1EA296-538E-40E5-BF1D-6CB0F20BB52E}.Debug|Any CPU.Build.0 = Debug|Any CPU
		{5B1EA296-538E-40E5-BF1D-6CB0F20BB52E}.Debug|x64.ActiveCfg = Debug|Any CPU
		{5B1EA296-538E-40E5-BF1D-6CB0F20BB52E}.Debug|x64.Build.0 = Debug|Any CPU
		{5B1EA296-538E-40E5-BF1D-6CB0F20BB52E}.Debug|x86.ActiveCfg = Debug|Any CPU
		{5B1EA296-538E-40E5-BF1D-6CB0F20BB52E}.Debug|x86.Build.0 = Debug|Any CPU
		{5B1EA296-538E-40E5-BF1D-6CB0F20BB52E}.Release|Any CPU.ActiveCfg = Release|Any CPU
		{5B1EA296-538E-40E5-BF1D-6CB0F20BB52E}.Release|Any CPU.Build.0 = Release|Any CPU
		{5B1EA296-538E-40E5-BF1D-6CB0F20BB52E}.Release|x64.ActiveCfg = Release|Any CPU
		{5B1EA296-538E-40E5-BF1D-6CB0F20BB52E}.Release|x64.Build.0 = Release|Any CPU
		{5B1EA296-538E-40E5-BF1D-6CB0F20BB52E}.Release|x86.ActiveCfg = Release|Any CPU
		{5B1EA296-538E-40E5-BF1D-6CB0F20BB52E}.Release|x86.Build.0 = Release|Any CPU
		{7DABAB8F-4A02-4992-A3A2-6C550F98C13B}.Debug|Any CPU.ActiveCfg = Debug|Any CPU
		{7DABAB8F-4A02-4992-A3A2-6C550F98C13B}.Debug|Any CPU.Build.0 = Debug|Any CPU
		{7DABAB8F-4A02-4992-A3A2-6C550F98C13B}.Debug|x64.ActiveCfg = Debug|Any CPU
		{7DABAB8F-4A02-4992-A3A2-6C550F98C13B}.Debug|x64.Build.0 = Debug|Any CPU
		{7DABAB8F-4A02-4992-A3A2-6C550F98C13B}.Debug|x86.ActiveCfg = Debug|Any CPU
		{7DABAB8F-4A02-4992-A3A2-6C550F98C13B}.Debug|x86.Build.0 = Debug|Any CPU
		{7DABAB8F-4A02-4992-A3A2-6C550F98C13B}.Release|Any CPU.ActiveCfg = Release|Any CPU
		{7DABAB8F-4A02-4992-A3A2-6C550F98C13B}.Release|Any CPU.Build.0 = Release|Any CPU
		{7DABAB8F-4A02-4992-A3A2-6C550F98C13B}.Release|x64.ActiveCfg = Release|Any CPU
		{7DABAB8F-4A02-4992-A3A2-6C550F98C13B}.Release|x64.Build.0 = Release|Any CPU
		{7DABAB8F-4A02-4992-A3A2-6C550F98C13B}.Release|x86.ActiveCfg = Release|Any CPU
		{7DABAB8F-4A02-4992-A3A2-6C550F98C13B}.Release|x86.Build.0 = Release|Any CPU
		{600EA6E9-C9F2-4F02-99EF-1F992711DB1C}.Debug|Any CPU.ActiveCfg = Debug|Any CPU
		{600EA6E9-C9F2-4F02-99EF-1F992711DB1C}.Debug|Any CPU.Build.0 = Debug|Any CPU
		{600EA6E9-C9F2-4F02-99EF-1F992711DB1C}.Debug|x64.ActiveCfg = Debug|Any CPU
		{600EA6E9-C9F2-4F02-99EF-1F992711DB1C}.Debug|x64.Build.0 = Debug|Any CPU
		{600EA6E9-C9F2-4F02-99EF-1F992711DB1C}.Debug|x86.ActiveCfg = Debug|Any CPU
		{600EA6E9-C9F2-4F02-99EF-1F992711DB1C}.Debug|x86.Build.0 = Debug|Any CPU
		{600EA6E9-C9F2-4F02-99EF-1F992711DB1C}.Release|Any CPU.ActiveCfg = Release|Any CPU
		{600EA6E9-C9F2-4F02-99EF-1F992711DB1C}.Release|Any CPU.Build.0 = Release|Any CPU
		{600EA6E9-C9F2-4F02-99EF-1F992711DB1C}.Release|x64.ActiveCfg = Release|Any CPU
		{600EA6E9-C9F2-4F02-99EF-1F992711DB1C}.Release|x64.Build.0 = Release|Any CPU
		{600EA6E9-C9F2-4F02-99EF-1F992711DB1C}.Release|x86.ActiveCfg = Release|Any CPU
		{600EA6E9-C9F2-4F02-99EF-1F992711DB1C}.Release|x86.Build.0 = Release|Any CPU
		{02DF2AE6-A7D4-4C38-AA4D-651BDD1D3571}.Debug|Any CPU.ActiveCfg = Debug|Any CPU
		{02DF2AE6-A7D4-4C38-AA4D-651BDD1D3571}.Debug|Any CPU.Build.0 = Debug|Any CPU
		{02DF2AE6-A7D4-4C38-AA4D-651BDD1D3571}.Debug|x64.ActiveCfg = Debug|Any CPU
		{02DF2AE6-A7D4-4C38-AA4D-651BDD1D3571}.Debug|x64.Build.0 = Debug|Any CPU
		{02DF2AE6-A7D4-4C38-AA4D-651BDD1D3571}.Debug|x86.ActiveCfg = Debug|Any CPU
		{02DF2AE6-A7D4-4C38-AA4D-651BDD1D3571}.Debug|x86.Build.0 = Debug|Any CPU
		{02DF2AE6-A7D4-4C38-AA4D-651BDD1D3571}.Release|Any CPU.ActiveCfg = Release|Any CPU
		{02DF2AE6-A7D4-4C38-AA4D-651BDD1D3571}.Release|Any CPU.Build.0 = Release|Any CPU
		{02DF2AE6-A7D4-4C38-AA4D-651BDD1D3571}.Release|x64.ActiveCfg = Release|Any CPU
		{02DF2AE6-A7D4-4C38-AA4D-651BDD1D3571}.Release|x64.Build.0 = Release|Any CPU
		{02DF2AE6-A7D4-4C38-AA4D-651BDD1D3571}.Release|x86.ActiveCfg = Release|Any CPU
		{02DF2AE6-A7D4-4C38-AA4D-651BDD1D3571}.Release|x86.Build.0 = Release|Any CPU
		{5DED3CA8-B331-4B48-A6A2-2EE1410437CA}.Debug|Any CPU.ActiveCfg = Debug|Any CPU
		{5DED3CA8-B331-4B48-A6A2-2EE1410437CA}.Debug|Any CPU.Build.0 = Debug|Any CPU
		{5DED3CA8-B331-4B48-A6A2-2EE1410437CA}.Debug|x64.ActiveCfg = Debug|Any CPU
		{5DED3CA8-B331-4B48-A6A2-2EE1410437CA}.Debug|x64.Build.0 = Debug|Any CPU
		{5DED3CA8-B331-4B48-A6A2-2EE1410437CA}.Debug|x86.ActiveCfg = Debug|Any CPU
		{5DED3CA8-B331-4B48-A6A2-2EE1410437CA}.Debug|x86.Build.0 = Debug|Any CPU
		{5DED3CA8-B331-4B48-A6A2-2EE1410437CA}.Release|Any CPU.ActiveCfg = Release|Any CPU
		{5DED3CA8-B331-4B48-A6A2-2EE1410437CA}.Release|Any CPU.Build.0 = Release|Any CPU
		{5DED3CA8-B331-4B48-A6A2-2EE1410437CA}.Release|x64.ActiveCfg = Release|Any CPU
		{5DED3CA8-B331-4B48-A6A2-2EE1410437CA}.Release|x64.Build.0 = Release|Any CPU
		{5DED3CA8-B331-4B48-A6A2-2EE1410437CA}.Release|x86.ActiveCfg = Release|Any CPU
		{5DED3CA8-B331-4B48-A6A2-2EE1410437CA}.Release|x86.Build.0 = Release|Any CPU
	EndGlobalSection
	GlobalSection(NestedProjects) = preSolution
		{E0466000-F8E4-416B-B605-C65F7602367A} = {E28025A7-EF6A-45BF-8FA0-75E394D3D42B}
		{F646F4E8-EA06-4EA8-9CD3-79778B264320} = {D8B86171-2147-49EF-8ADA-1CF8B0A20D40}
		{EA9FB942-F6A4-4539-9377-A2DBE73861FC} = {E28025A7-EF6A-45BF-8FA0-75E394D3D42B}
		{868CA980-5903-480E-8360-C51F5EC83275} = {D8B86171-2147-49EF-8ADA-1CF8B0A20D40}
		{5B1EA296-538E-40E5-BF1D-6CB0F20BB52E} = {E28025A7-EF6A-45BF-8FA0-75E394D3D42B}
		{7DABAB8F-4A02-4992-A3A2-6C550F98C13B} = {D8B86171-2147-49EF-8ADA-1CF8B0A20D40}
		{600EA6E9-C9F2-4F02-99EF-1F992711DB1C} = {9F888E39-5D40-4E29-9529-67C466722431}
		{02DF2AE6-A7D4-4C38-AA4D-651BDD1D3571} = {E28025A7-EF6A-45BF-8FA0-75E394D3D42B}
		{5DED3CA8-B331-4B48-A6A2-2EE1410437CA} = {D8B86171-2147-49EF-8ADA-1CF8B0A20D40}
	EndGlobalSection
EndGlobal
